
Microsoft Visual Studio Solution File, Format Version 12.00
# Visual Studio Version 16
VisualStudioVersion = 16.0.29123.88
MinimumVisualStudioVersion = 10.0.40219.1
Project("{FAE04EC0-301F-11D3-BF4B-00C04F79EFBC}") = "Ks.ABCFarma", "Ks.ABCFarma.csproj", "{591950D0-4341-4985-A6EE-D2C7F91C90AB}"
EndProject
Project("{FAE04EC0-301F-11D3-BF4B-00C04F79EFBC}") = "KS.SimuladorPrecos.DataEntities", "..\KS.SimuladorPrecos.DataEntities\KS.SimuladorPrecos.DataEntities.csproj", "{7EDD6791-E9ED-42BE-8F9C-A780660DB643}"
EndProject
Global
	GlobalSection(SolutionConfigurationPlatforms) = preSolution
		Debug|Any CPU = Debug|Any CPU
		Release|Any CPU = Release|Any CPU
	EndGlobalSection
	GlobalSection(ProjectConfigurationPlatforms) = postSolution
		{591950D0-4341-4985-A6EE-D2C7F91C90AB}.Debug|Any CPU.ActiveCfg = Debug|Any CPU
		{591950D0-4341-4985-A6EE-D2C7F91C90AB}.Debug|Any CPU.Build.0 = Debug|Any CPU
		{591950D0-4341-4985-A6EE-D2C7F91C90AB}.Release|Any CPU.ActiveCfg = Release|Any CPU
		{591950D0-4341-4985-A6EE-D2C7F91C90AB}.Release|Any CPU.Build.0 = Release|Any CPU
		{7EDD6791-E9ED-42BE-8F9C-A780660DB643}.Debug|Any CPU.ActiveCfg = Debug|Any CPU
		{7EDD6791-E9ED-42BE-8F9C-A780660DB643}.Debug|Any CPU.Build.0 = Debug|Any CPU
		{7EDD6791-E9ED-42BE-8F9C-A780660DB643}.Release|Any CPU.ActiveCfg = Release|Any CPU
		{7EDD6791-E9ED-42BE-8F9C-A780660DB643}.Release|Any CPU.Build.0 = Release|Any CPU
	EndGlobalSection
	GlobalSection(SolutionProperties) = preSolution
		HideSolutionNode = FALSE
	EndGlobalSection
	GlobalSection(ExtensibilityGlobals) = postSolution
		SolutionGuid = {D1872281-E60A-43D4-855B-37320F22E36D}
	EndGlobalSection
EndGlobal
